
Microsoft Visual Studio Solution File, Format Version 12.00
# Visual Studio Version 17
VisualStudioVersion = 17.0.32112.339
MinimumVisualStudioVersion = 10.0.40219.1
Project("{2150E333-8FDC-42A3-9474-1A3956D46DE8}") = "Solution Items", "Solution Items", "{BA0A133F-5811-42EC-BBA2-8928CF171127}"
	ProjectSection(SolutionItems) = preProject
		README.md = README.md
	EndProjectSection
EndProject
Project("{FAE04EC0-301F-11D3-BF4B-00C04F79EFBC}") = "DesignPatterns.CLI", "DesignPatterns.CLI\DesignPatterns.CLI.csproj", "{B98E0056-22DC-4478-9855-2DE063BD4871}"
EndProject
Project("{FAE04EC0-301F-11D3-BF4B-00C04F79EFBC}") = "DesignPatterns.Core", "DesignPatterns.Core\DesignPatterns.Core.csproj", "{9C63E0CB-A7C6-4D01-A869-3287A0F4D789}"
EndProject
Global
	GlobalSection(SolutionConfigurationPlatforms) = preSolution
		Debug|Any CPU = Debug|Any CPU
		Release|Any CPU = Release|Any CPU
	EndGlobalSection
	GlobalSection(ProjectConfigurationPlatforms) = postSolution
		{B98E0056-22DC-4478-9855-2DE063BD4871}.Debug|Any CPU.ActiveCfg = Debug|Any CPU
		{B98E0056-22DC-4478-9855-2DE063BD4871}.Debug|Any CPU.Build.0 = Debug|Any CPU
		{B98E0056-22DC-4478-9855-2DE063BD4871}.Release|Any CPU.ActiveCfg = Release|Any CPU
		{B98E0056-22DC-4478-9855-2DE063BD4871}.Release|Any CPU.Build.0 = Release|Any CPU
		{9C63E0CB-A7C6-4D01-A869-3287A0F4D789}.Debug|Any CPU.ActiveCfg = Debug|Any CPU
		{9C63E0CB-A7C6-4D01-A869-3287A0F4D789}.Debug|Any CPU.Build.0 = Debug|Any CPU
		{9C63E0CB-A7C6-4D01-A869-3287A0F4D789}.Release|Any CPU.ActiveCfg = Release|Any CPU
		{9C63E0CB-A7C6-4D01-A869-3287A0F4D789}.Release|Any CPU.Build.0 = Release|Any CPU
	EndGlobalSection
	GlobalSection(SolutionProperties) = preSolution
		HideSolutionNode = FALSE
	EndGlobalSection
	GlobalSection(ExtensibilityGlobals) = postSolution
		SolutionGuid = {BBE104B7-2081-4C91-81EB-90B3797014CC}
	EndGlobalSection
EndGlobal
